
Microsoft Visual Studio Solution File, Format Version 12.00
# Visual Studio Version 17
VisualStudioVersion = 17.6.33829.357
MinimumVisualStudioVersion = 10.0.40219.1
Project("{FAE04EC0-301F-11D3-BF4B-00C04F79EFBC}") = "common2_array", "common2_array\common2_array.csproj", "{1641FD1D-411B-4956-9E83-06BCBC3A5CDC}"
EndProject
Global
	GlobalSection(SolutionConfigurationPlatforms) = preSolution
		Debug|Any CPU = Debug|Any CPU
		Release|Any CPU = Release|Any CPU
	EndGlobalSection
	GlobalSection(ProjectConfigurationPlatforms) = postSolution
		{1641FD1D-411B-4956-9E83-06BCBC3A5CDC}.Debug|Any CPU.ActiveCfg = Debug|Any CPU
		{1641FD1D-411B-4956-9E83-06BCBC3A5CDC}.Debug|Any CPU.Build.0 = Debug|Any CPU
		{1641FD1D-411B-4956-9E83-06BCBC3A5CDC}.Release|Any CPU.ActiveCfg = Release|Any CPU
		{1641FD1D-411B-4956-9E83-06BCBC3A5CDC}.Release|Any CPU.Build.0 = Release|Any CPU
	EndGlobalSection
	GlobalSection(SolutionProperties) = preSolution
		HideSolutionNode = FALSE
	EndGlobalSection
	GlobalSection(ExtensibilityGlobals) = postSolution
		SolutionGuid = {6DC4EB30-C3B9-4508-9799-CC1DB48D501C}
	EndGlobalSection
EndGlobal
