
Microsoft Visual Studio Solution File, Format Version 12.00
# Visual Studio Version 17
VisualStudioVersion = 17.6.33829.357
MinimumVisualStudioVersion = 10.0.40219.1
Project("{FAE04EC0-301F-11D3-BF4B-00C04F79EFBC}") = "multiply_array", "multiply_array\multiply_array.csproj", "{12797584-385B-44D7-BC97-7E75605C704D}"
EndProject
Global
	GlobalSection(SolutionConfigurationPlatforms) = preSolution
		Debug|Any CPU = Debug|Any CPU
		Release|Any CPU = Release|Any CPU
	EndGlobalSection
	GlobalSection(ProjectConfigurationPlatforms) = postSolution
		{12797584-385B-44D7-BC97-7E75605C704D}.Debug|Any CPU.ActiveCfg = Debug|Any CPU
		{12797584-385B-44D7-BC97-7E75605C704D}.Debug|Any CPU.Build.0 = Debug|Any CPU
		{12797584-385B-44D7-BC97-7E75605C704D}.Release|Any CPU.ActiveCfg = Release|Any CPU
		{12797584-385B-44D7-BC97-7E75605C704D}.Release|Any CPU.Build.0 = Release|Any CPU
	EndGlobalSection
	GlobalSection(SolutionProperties) = preSolution
		HideSolutionNode = FALSE
	EndGlobalSection
	GlobalSection(ExtensibilityGlobals) = postSolution
		SolutionGuid = {D540E833-D704-4AC3-A640-F3E0706705FC}
	EndGlobalSection
EndGlobal
