
Microsoft Visual Studio Solution File, Format Version 12.00
# Visual Studio Version 17
VisualStudioVersion = 17.6.33829.357
MinimumVisualStudioVersion = 10.0.40219.1
Project("{FAE04EC0-301F-11D3-BF4B-00C04F79EFBC}") = "second_smallest_array", "second_smallest_array\second_smallest_array.csproj", "{5FADA934-34D7-4A4F-8711-6D8939C1C7EE}"
EndProject
Global
	GlobalSection(SolutionConfigurationPlatforms) = preSolution
		Debug|Any CPU = Debug|Any CPU
		Release|Any CPU = Release|Any CPU
	EndGlobalSection
	GlobalSection(ProjectConfigurationPlatforms) = postSolution
		{5FADA934-34D7-4A4F-8711-6D8939C1C7EE}.Debug|Any CPU.ActiveCfg = Debug|Any CPU
		{5FADA934-34D7-4A4F-8711-6D8939C1C7EE}.Debug|Any CPU.Build.0 = Debug|Any CPU
		{5FADA934-34D7-4A4F-8711-6D8939C1C7EE}.Release|Any CPU.ActiveCfg = Release|Any CPU
		{5FADA934-34D7-4A4F-8711-6D8939C1C7EE}.Release|Any CPU.Build.0 = Release|Any CPU
	EndGlobalSection
	GlobalSection(SolutionProperties) = preSolution
		HideSolutionNode = FALSE
	EndGlobalSection
	GlobalSection(ExtensibilityGlobals) = postSolution
		SolutionGuid = {593271C2-2E53-41E9-993E-45FCE2FC7763}
	EndGlobalSection
EndGlobal
